
Microsoft Visual Studio Solution File, Format Version 12.00
# Visual Studio Version 16
VisualStudioVersion = 16.0.30804.86
MinimumVisualStudioVersion = 10.0.40219.1
Project("{9A19103F-16F7-4668-BE54-9A1E7A4F7556}") = "DataAccess", "DataAccess\DataAccess.csproj", "{DADDBFAA-B877-4BB6-955F-6472AAA6D31B}"
EndProject
Project("{9A19103F-16F7-4668-BE54-9A1E7A4F7556}") = "Business", "Business\Business.csproj", "{937AB9A3-43C1-4BF0-9DDD-32E3070AF236}"
EndProject
Project("{9A19103F-16F7-4668-BE54-9A1E7A4F7556}") = "Entities", "Entities\Entities.csproj", "{97961FE1-372A-404B-81F7-E3AB274E18C2}"
EndProject
Project("{9A19103F-16F7-4668-BE54-9A1E7A4F7556}") = "ConsoleUI", "ConsoleUI\ConsoleUI.csproj", "{3E3D5823-A59A-4FEB-A5A8-720310B1A571}"
EndProject
Project("{9A19103F-16F7-4668-BE54-9A1E7A4F7556}") = "Core", "Core\Core.csproj", "{C1FB420E-C0F3-4956-9B84-65C1F6BF6920}"
EndProject
Project("{9A19103F-16F7-4668-BE54-9A1E7A4F7556}") = "WebAPI", "WebAPI\WebAPI.csproj", "{496C311B-BCFA-4E90-BBF3-654C272672CF}"
EndProject
Global
	GlobalSection(SolutionConfigurationPlatforms) = preSolution
		Debug|Any CPU = Debug|Any CPU
		Release|Any CPU = Release|Any CPU
	EndGlobalSection
	GlobalSection(ProjectConfigurationPlatforms) = postSolution
		{DADDBFAA-B877-4BB6-955F-6472AAA6D31B}.Debug|Any CPU.ActiveCfg = Debug|Any CPU
		{DADDBFAA-B877-4BB6-955F-6472AAA6D31B}.Debug|Any CPU.Build.0 = Debug|Any CPU
		{DADDBFAA-B877-4BB6-955F-6472AAA6D31B}.Release|Any CPU.ActiveCfg = Release|Any CPU
		{DADDBFAA-B877-4BB6-955F-6472AAA6D31B}.Release|Any CPU.Build.0 = Release|Any CPU
		{937AB9A3-43C1-4BF0-9DDD-32E3070AF236}.Debug|Any CPU.ActiveCfg = Debug|Any CPU
		{937AB9A3-43C1-4BF0-9DDD-32E3070AF236}.Debug|Any CPU.Build.0 = Debug|Any CPU
		{937AB9A3-43C1-4BF0-9DDD-32E3070AF236}.Release|Any CPU.ActiveCfg = Release|Any CPU
		{937AB9A3-43C1-4BF0-9DDD-32E3070AF236}.Release|Any CPU.Build.0 = Release|Any CPU
		{97961FE1-372A-404B-81F7-E3AB274E18C2}.Debug|Any CPU.ActiveCfg = Debug|Any CPU
		{97961FE1-372A-404B-81F7-E3AB274E18C2}.Debug|Any CPU.Build.0 = Debug|Any CPU
		{97961FE1-372A-404B-81F7-E3AB274E18C2}.Release|Any CPU.ActiveCfg = Release|Any CPU
		{97961FE1-372A-404B-81F7-E3AB274E18C2}.Release|Any CPU.Build.0 = Release|Any CPU
		{3E3D5823-A59A-4FEB-A5A8-720310B1A571}.Debug|Any CPU.ActiveCfg = Debug|Any CPU
		{3E3D5823-A59A-4FEB-A5A8-720310B1A571}.Debug|Any CPU.Build.0 = Debug|Any CPU
		{3E3D5823-A59A-4FEB-A5A8-720310B1A571}.Release|Any CPU.ActiveCfg = Release|Any CPU
		{3E3D5823-A59A-4FEB-A5A8-720310B1A571}.Release|Any CPU.Build.0 = Release|Any CPU
		{C1FB420E-C0F3-4956-9B84-65C1F6BF6920}.Debug|Any CPU.ActiveCfg = Debug|Any CPU
		{C1FB420E-C0F3-4956-9B84-65C1F6BF6920}.Debug|Any CPU.Build.0 = Debug|Any CPU
		{C1FB420E-C0F3-4956-9B84-65C1F6BF6920}.Release|Any CPU.ActiveCfg = Release|Any CPU
		{C1FB420E-C0F3-4956-9B84-65C1F6BF6920}.Release|Any CPU.Build.0 = Release|Any CPU
		{496C311B-BCFA-4E90-BBF3-654C272672CF}.Debug|Any CPU.ActiveCfg = Debug|Any CPU
		{496C311B-BCFA-4E90-BBF3-654C272672CF}.Debug|Any CPU.Build.0 = Debug|Any CPU
		{496C311B-BCFA-4E90-BBF3-654C272672CF}.Release|Any CPU.ActiveCfg = Release|Any CPU
		{496C311B-BCFA-4E90-BBF3-654C272672CF}.Release|Any CPU.Build.0 = Release|Any CPU
	EndGlobalSection
	GlobalSection(SolutionProperties) = preSolution
		HideSolutionNode = FALSE
	EndGlobalSection
	GlobalSection(ExtensibilityGlobals) = postSolution
		SolutionGuid = {879FCC4D-87C3-44B8-8364-9DFA61083D53}
	EndGlobalSection
EndGlobal
